
Microsoft Visual Studio Solution File, Format Version 12.00
# Visual Studio 15
VisualStudioVersion = 15.0.28307.572
MinimumVisualStudioVersion = 10.0.40219.1
Project("{8BC9CEB8-8B4A-11D0-8D11-00A0C91BC942}") = "SynthCh10Gen-BM6", "SynthCh10Gen\SynthCh10Gen-BM6.vcxproj", "{5AE2C8AF-53CD-491E-8FFD-4ACB9F827BA2}"
EndProject
Project("{8BC9CEB8-8B4A-11D0-8D11-00A0C91BC942}") = "SynthCh10Gen-NASA", "SynthCh10Gen\SynthCh10Gen-NASA.vcxproj", "{348BFBB5-7E21-404F-A48F-4DE4768A1383}"
EndProject
Project("{8BC9CEB8-8B4A-11D0-8D11-00A0C91BC942}") = "BM6toDB", "BM6toDB\BM6toDB.vcxproj", "{266F24EF-4545-4B10-B415-72644BB5D029}"
EndProject
Project("{8BC9CEB8-8B4A-11D0-8D11-00A0C91BC942}") = "BM6toXPlaneVideo", "BM6toXPlaneVideo\BM6toXPlaneVideo.vcxproj", "{12F00F79-0246-44B2-934E-74DDCF08847C}"
EndProject
Project("{8BC9CEB8-8B4A-11D0-8D11-00A0C91BC942}") = "NASAtoDB", "NASAtoDB\NASAtoDB.vcxproj", "{796FFC6D-C949-4A41-956D-98D1767A3E67}"
EndProject
Project("{2150E333-8FDC-42A3-9474-1A3956D46DE8}") = "Solution Items", "Solution Items", "{FFFD05E2-9757-4A68-AD87-42BC6C59D544}"
	ProjectSection(SolutionItems) = preProject
		README.md = README.md
		Synthetic Data Generator ICD.md = Synthetic Data Generator ICD.md
	EndProjectSection
EndProject
Project("{8BC9CEB8-8B4A-11D0-8D11-00A0C91BC942}") = "BM6toKML", "BM6toKML\BM6toKML.vcxproj", "{D9C74453-F688-4881-AFB9-10B75C2BAEED}"
EndProject
Global
	GlobalSection(SolutionConfigurationPlatforms) = preSolution
		Debug|x86 = Debug|x86
		Release|x86 = Release|x86
	EndGlobalSection
	GlobalSection(ProjectConfigurationPlatforms) = postSolution
		{5AE2C8AF-53CD-491E-8FFD-4ACB9F827BA2}.Debug|x86.ActiveCfg = Debug|Win32
		{5AE2C8AF-53CD-491E-8FFD-4ACB9F827BA2}.Debug|x86.Build.0 = Debug|Win32
		{5AE2C8AF-53CD-491E-8FFD-4ACB9F827BA2}.Release|x86.ActiveCfg = Release|Win32
		{5AE2C8AF-53CD-491E-8FFD-4ACB9F827BA2}.Release|x86.Build.0 = Release|Win32
		{348BFBB5-7E21-404F-A48F-4DE4768A1383}.Debug|x86.ActiveCfg = Debug|Win32
		{348BFBB5-7E21-404F-A48F-4DE4768A1383}.Debug|x86.Build.0 = Debug|Win32
		{348BFBB5-7E21-404F-A48F-4DE4768A1383}.Release|x86.ActiveCfg = Release|Win32
		{348BFBB5-7E21-404F-A48F-4DE4768A1383}.Release|x86.Build.0 = Release|Win32
		{266F24EF-4545-4B10-B415-72644BB5D029}.Debug|x86.ActiveCfg = Debug|Win32
		{266F24EF-4545-4B10-B415-72644BB5D029}.Debug|x86.Build.0 = Debug|Win32
		{266F24EF-4545-4B10-B415-72644BB5D029}.Release|x86.ActiveCfg = Release|Win32
		{266F24EF-4545-4B10-B415-72644BB5D029}.Release|x86.Build.0 = Release|Win32
		{12F00F79-0246-44B2-934E-74DDCF08847C}.Debug|x86.ActiveCfg = Debug|Win32
		{12F00F79-0246-44B2-934E-74DDCF08847C}.Debug|x86.Build.0 = Debug|Win32
		{12F00F79-0246-44B2-934E-74DDCF08847C}.Release|x86.ActiveCfg = Release|Win32
		{12F00F79-0246-44B2-934E-74DDCF08847C}.Release|x86.Build.0 = Release|Win32
		{796FFC6D-C949-4A41-956D-98D1767A3E67}.Debug|x86.ActiveCfg = Debug|Win32
		{796FFC6D-C949-4A41-956D-98D1767A3E67}.Debug|x86.Build.0 = Debug|Win32
		{796FFC6D-C949-4A41-956D-98D1767A3E67}.Release|x86.ActiveCfg = Release|Win32
		{796FFC6D-C949-4A41-956D-98D1767A3E67}.Release|x86.Build.0 = Release|Win32
		{D9C74453-F688-4881-AFB9-10B75C2BAEED}.Debug|x86.ActiveCfg = Debug|Win32
		{D9C74453-F688-4881-AFB9-10B75C2BAEED}.Debug|x86.Build.0 = Debug|Win32
		{D9C74453-F688-4881-AFB9-10B75C2BAEED}.Release|x86.ActiveCfg = Release|Win32
		{D9C74453-F688-4881-AFB9-10B75C2BAEED}.Release|x86.Build.0 = Release|Win32
	EndGlobalSection
	GlobalSection(SolutionProperties) = preSolution
		HideSolutionNode = FALSE
	EndGlobalSection
	GlobalSection(ExtensibilityGlobals) = postSolution
		SolutionGuid = {12F3D398-E184-4877-B0FB-31264AD90EDF}
	EndGlobalSection
EndGlobal
