<?xml version="1.0" encoding="utf-8"?>
<Project ToolsVersion="4.0" xmlns="http://schemas.microsoft.com/developer/msbuild/2003">
  <ItemGroup>
    <Filter Include="Resource Files">
      <UniqueIdentifier>{67DA6AB6-F800-4c08-8B7A-83BB121AAD01}</UniqueIdentifier>
      <Extensions>rc;ico;cur;bmp;dlg;rc2;rct;bin;rgs;gif;jpg;jpeg;jpe;resx;tiff;tif;png;wav;mfcribbon-ms</Extensions>
    </Filter>
    <Filter Include="Header Files">
      <UniqueIdentifier>{d2eaafa8-3900-460d-8ac6-b4c1579f69df}</UniqueIdentifier>
    </Filter>
    <Filter Include="irig106lib">
      <UniqueIdentifier>{b2f14781-dc2e-4c4c-857b-1eef71732aca}</UniqueIdentifier>
    </Filter>
    <Filter Include="Source Files">
      <UniqueIdentifier>{f38fcf3e-4ee0-44d1-bb89-612c637b6e1d}</UniqueIdentifier>
    </Filter>
    <Filter Include="SQLite3">
      <UniqueIdentifier>{c057538f-3940-451c-b79a-151f36afb58e}</UniqueIdentifier>
    </Filter>
    <Filter Include="CSV Parser">
      <UniqueIdentifier>{01668873-25b6-4aa5-afa6-3c7e07b7c14d}</UniqueIdentifier>
    </Filter>
    <Filter Include="ProgressBar">
      <UniqueIdentifier>{6b31f68d-c6dc-4099-929c-0d95ff194929}</UniqueIdentifier>
    </Filter>
  </ItemGroup>
  <ItemGroup>
    <ClCompile Include="..\3rdParty\csv-parser\csv_parser.cpp">
      <Filter>CSV Parser</Filter>
    </ClCompile>
    <ClCompile Include="..\3rdParty\irig106lib\src\i106_decode_1553f1.c">
      <Filter>irig106lib</Filter>
    </ClCompile>
    <ClCompile Include="..\3rdParty\irig106lib\src\i106_decode_index.c">
      <Filter>irig106lib</Filter>
    </ClCompile>
    <ClCompile Include="..\3rdParty\irig106lib\src\i106_decode_time.c">
      <Filter>irig106lib</Filter>
    </ClCompile>
    <ClCompile Include="..\3rdParty\irig106lib\src\i106_decode_tmats.c">
      <Filter>irig106lib</Filter>
    </ClCompile>
    <ClCompile Include="..\3rdParty\irig106lib\src\i106_decode_tmats_b.c">
      <Filter>irig106lib</Filter>
    </ClCompile>
    <ClCompile Include="..\3rdParty\irig106lib\src\i106_decode_tmats_c.c">
      <Filter>irig106lib</Filter>
    </ClCompile>
    <ClCompile Include="..\3rdParty\irig106lib\src\i106_decode_tmats_d.c">
      <Filter>irig106lib</Filter>
    </ClCompile>
    <ClCompile Include="..\3rdParty\irig106lib\src\i106_decode_tmats_g.c">
      <Filter>irig106lib</Filter>
    </ClCompile>
    <ClCompile Include="..\3rdParty\irig106lib\src\i106_decode_tmats_m.c">
      <Filter>irig106lib</Filter>
    </ClCompile>
    <ClCompile Include="..\3rdParty\irig106lib\src\i106_decode_tmats_p.c">
      <Filter>irig106lib</Filter>
    </ClCompile>
    <ClCompile Include="..\3rdParty\irig106lib\src\i106_decode_tmats_r.c">
      <Filter>irig106lib</Filter>
    </ClCompile>
    <ClCompile Include="..\3rdParty\irig106lib\src\i106_decode_video.c">
      <Filter>irig106lib</Filter>
    </ClCompile>
    <ClCompile Include="..\3rdParty\irig106lib\src\i106_index.c">
      <Filter>irig106lib</Filter>
    </ClCompile>
    <ClCompile Include="..\3rdParty\irig106lib\src\i106_time.c">
      <Filter>irig106lib</Filter>
    </ClCompile>
    <ClCompile Include="..\3rdParty\irig106lib\src\irig106ch10.c">
      <Filter>irig106lib</Filter>
    </ClCompile>
    <ClCompile Include="Ch10Format_1553_Nav.cpp">
      <Filter>Source Files</Filter>
    </ClCompile>
    <ClCompile Include="Ch10Format_A429.cpp">
      <Filter>Source Files</Filter>
    </ClCompile>
    <ClCompile Include="Ch10Format_A429_AR100.cpp">
      <Filter>Source Files</Filter>
    </ClCompile>
    <ClCompile Include="Ch10Format_PCM_CSV.cpp">
      <Filter>Source Files</Filter>
    </ClCompile>
    <ClCompile Include="Ch10Writer_1553.cpp">
      <Filter>Source Files</Filter>
    </ClCompile>
    <ClCompile Include="Ch10Writer_A429.cpp">
      <Filter>Source Files</Filter>
    </ClCompile>
    <ClCompile Include="Ch10Writer_Index.cpp">
      <Filter>Source Files</Filter>
    </ClCompile>
    <ClCompile Include="Ch10Writer_PCM.cpp">
      <Filter>Source Files</Filter>
    </ClCompile>
    <ClCompile Include="Ch10Writer_Time.cpp">
      <Filter>Source Files</Filter>
    </ClCompile>
    <ClCompile Include="Ch10Writer_Video.cpp">
      <Filter>Source Files</Filter>
    </ClCompile>
    <ClCompile Include="Source_CsvTxt.cpp">
      <Filter>Source Files</Filter>
    </ClCompile>
    <ClCompile Include="..\3rdParty\SQLite\sqlite3.c">
      <Filter>SQLite3</Filter>
    </ClCompile>
    <ClCompile Include="Ch10Channel.cpp">
      <Filter>Source Files</Filter>
    </ClCompile>
    <ClCompile Include="Ch10Format_Time.cpp">
      <Filter>Source Files</Filter>
    </ClCompile>
    <ClCompile Include="GenerationController.cpp">
      <Filter>Source Files</Filter>
    </ClCompile>
    <ClCompile Include="..\3rdParty\irig106lib\src\i106_decode_pcmf1.c">
      <Filter>irig106lib</Filter>
    </ClCompile>
    <ClCompile Include="Ch10Format_PCM_SynthFmt1.cpp">
      <Filter>Source Files</Filter>
    </ClCompile>
    <ClCompile Include="Ch10Format_Index.cpp">
      <Filter>Source Files</Filter>
    </ClCompile>
    <ClCompile Include="Config.cpp">
      <Filter>Source Files</Filter>
    </ClCompile>
    <ClCompile Include="Program.cpp">
      <Filter>Source Files</Filter>
    </ClCompile>
    <ClCompile Include="Ch10Formatter_1553.cpp">
      <Filter>Source Files</Filter>
    </ClCompile>
    <ClCompile Include="Ch10Format_Video.cpp">
      <Filter>Source Files</Filter>
    </ClCompile>
    <ClCompile Include="Source_SQLiteDB.cpp">
      <Filter>Source Files</Filter>
    </ClCompile>
    <ClCompile Include="TimeParser.cpp" />
    <ClCompile Include="Source_TsvTxt.cpp" />
    <ClCompile Include="..\3rdParty\atac\ConsoleProgressBar.cpp">
      <Filter>ProgressBar</Filter>
    </ClCompile>
    <ClCompile Include="..\3rdParty\atac\TimeEstimator.cpp">
      <Filter>ProgressBar</Filter>
    </ClCompile>
    <ClCompile Include="ControllerState.cpp" />
    <ClCompile Include="Logger.cpp" />
  </ItemGroup>
  <ItemGroup>
    <ClInclude Include="..\3rdParty\csv-parser\csv_parser.hpp">
      <Filter>CSV Parser</Filter>
    </ClInclude>
    <ClInclude Include="Ch10Format_1553_Nav.h">
      <Filter>Header Files</Filter>
    </ClInclude>
    <ClInclude Include="Ch10Format_A429.h">
      <Filter>Header Files</Filter>
    </ClInclude>
    <ClInclude Include="Ch10Format_A429_AR100.h">
      <Filter>Header Files</Filter>
    </ClInclude>
    <ClInclude Include="Ch10Format_PCM_CSV.h">
      <Filter>Header Files</Filter>
    </ClInclude>
    <ClInclude Include="Ch10Writer.h">
      <Filter>Header Files</Filter>
    </ClInclude>
    <ClInclude Include="Ch10Writer_1553.h">
      <Filter>Header Files</Filter>
    </ClInclude>
    <ClInclude Include="Ch10Writer_A429.h">
      <Filter>Header Files</Filter>
    </ClInclude>
    <ClInclude Include="Ch10Writer_Index.h">
      <Filter>Header Files</Filter>
    </ClInclude>
    <ClInclude Include="Ch10Writer_PCM.h">
      <Filter>Header Files</Filter>
    </ClInclude>
    <ClInclude Include="Ch10Writer_Time.h">
      <Filter>Header Files</Filter>
    </ClInclude>
    <ClInclude Include="Common.h">
      <Filter>Header Files</Filter>
    </ClInclude>
    <ClInclude Include="SimState.h">
      <Filter>Header Files</Filter>
    </ClInclude>
    <ClInclude Include="SimTimer.h">
      <Filter>Header Files</Filter>
    </ClInclude>
    <ClInclude Include="Source_CsvTxt.h">
      <Filter>Header Files</Filter>
    </ClInclude>
    <ClInclude Include="Source_Nav.h">
      <Filter>Header Files</Filter>
    </ClInclude>
    <ClInclude Include="..\3rdParty\irig106lib\src\config.h">
      <Filter>irig106lib</Filter>
    </ClInclude>
    <ClInclude Include="..\3rdParty\irig106lib\src\i106_decode_1553f1.h">
      <Filter>irig106lib</Filter>
    </ClInclude>
    <ClInclude Include="..\3rdParty\irig106lib\src\i106_decode_arinc429.h">
      <Filter>irig106lib</Filter>
    </ClInclude>
    <ClInclude Include="..\3rdParty\irig106lib\src\i106_decode_index.h">
      <Filter>irig106lib</Filter>
    </ClInclude>
    <ClInclude Include="..\3rdParty\irig106lib\src\i106_decode_pcmf1.h">
      <Filter>irig106lib</Filter>
    </ClInclude>
    <ClInclude Include="..\3rdParty\irig106lib\src\i106_decode_time.h">
      <Filter>irig106lib</Filter>
    </ClInclude>
    <ClInclude Include="..\3rdParty\irig106lib\src\i106_decode_tmats.h">
      <Filter>irig106lib</Filter>
    </ClInclude>
    <ClInclude Include="..\3rdParty\irig106lib\src\i106_decode_tmats_b.h">
      <Filter>irig106lib</Filter>
    </ClInclude>
    <ClInclude Include="..\3rdParty\irig106lib\src\i106_decode_tmats_c.h">
      <Filter>irig106lib</Filter>
    </ClInclude>
    <ClInclude Include="..\3rdParty\irig106lib\src\i106_decode_tmats_common.h">
      <Filter>irig106lib</Filter>
    </ClInclude>
    <ClInclude Include="..\3rdParty\irig106lib\src\i106_decode_tmats_d.h">
      <Filter>irig106lib</Filter>
    </ClInclude>
    <ClInclude Include="..\3rdParty\irig106lib\src\i106_decode_tmats_g.h">
      <Filter>irig106lib</Filter>
    </ClInclude>
    <ClInclude Include="..\3rdParty\irig106lib\src\i106_decode_tmats_m.h">
      <Filter>irig106lib</Filter>
    </ClInclude>
    <ClInclude Include="..\3rdParty\irig106lib\src\i106_decode_tmats_p.h">
      <Filter>irig106lib</Filter>
    </ClInclude>
    <ClInclude Include="..\3rdParty\irig106lib\src\i106_decode_video.h">
      <Filter>irig106lib</Filter>
    </ClInclude>
    <ClInclude Include="..\3rdParty\irig106lib\src\i106_index.h">
      <Filter>irig106lib</Filter>
    </ClInclude>
    <ClInclude Include="..\3rdParty\irig106lib\src\i106_time.h">
      <Filter>irig106lib</Filter>
    </ClInclude>
    <ClInclude Include="..\3rdParty\irig106lib\src\irig106ch10.h">
      <Filter>irig106lib</Filter>
    </ClInclude>
    <ClInclude Include="..\3rdParty\SQLite\sqlite3.h">
      <Filter>SQLite3</Filter>
    </ClInclude>
    <ClInclude Include="Ch10Formatter.h">
      <Filter>Header Files</Filter>
    </ClInclude>
    <ClInclude Include="Ch10Channel.h">
      <Filter>Header Files</Filter>
    </ClInclude>
    <ClInclude Include="Ch10Format_Time.h">
      <Filter>Header Files</Filter>
    </ClInclude>
    <ClInclude Include="GenerationController.h">
      <Filter>Header Files</Filter>
    </ClInclude>
    <ClInclude Include="GenerationControllerTypes.h">
      <Filter>Header Files</Filter>
    </ClInclude>
    <ClInclude Include="..\3rdParty\irig106lib\src\i106_decode_tmats_r.h">
      <Filter>irig106lib</Filter>
    </ClInclude>
    <ClInclude Include="Ch10Format_PCM_SynthFmt1.h">
      <Filter>Header Files</Filter>
    </ClInclude>
    <ClInclude Include="Ch10Format_Index.h">
      <Filter>Header Files</Filter>
    </ClInclude>
    <ClInclude Include="TmatsFormatter.h">
      <Filter>Header Files</Filter>
    </ClInclude>
    <ClInclude Include="Config.h">
      <Filter>Header Files</Filter>
    </ClInclude>
    <ClInclude Include="Ch10Formatter_PCM.h">
      <Filter>Header Files</Filter>
    </ClInclude>
    <ClInclude Include="Ch10Formatter_1553.h">
      <Filter>Header Files</Filter>
    </ClInclude>
    <ClInclude Include="Ch10Writer_Video.h">
      <Filter>Header Files</Filter>
    </ClInclude>
    <ClInclude Include="Ch10Format_Video.h">
      <Filter>Header Files</Filter>
    </ClInclude>
    <ClInclude Include="Ch10Formatter_Video.h">
      <Filter>Header Files</Filter>
    </ClInclude>
    <ClInclude Include="Source_SQLiteDB.h">
      <Filter>Header Files</Filter>
    </ClInclude>
    <ClInclude Include="TimeParser.h" />
    <ClInclude Include="Source_TsvTxt.h" />
    <ClInclude Include="..\3rdParty\atac\ConsoleProgressBar.h">
      <Filter>ProgressBar</Filter>
    </ClInclude>
    <ClInclude Include="..\3rdParty\atac\TimeEstimator.h">
      <Filter>ProgressBar</Filter>
    </ClInclude>
    <ClInclude Include="ControllerState.h" />
    <ClInclude Include="Logger.h" />
    <ClInclude Include="LoggerTypes.h" />
  </ItemGroup>
</Project>