<?xml version="1.0" encoding="utf-8"?>
<Project ToolsVersion="4.0" xmlns="http://schemas.microsoft.com/developer/msbuild/2003">
  <ItemGroup>
    <Filter Include="Source Files">
      <UniqueIdentifier>{4FC737F1-C7A5-4376-A066-2A32D752A2FF}</UniqueIdentifier>
      <Extensions>cpp;c;cc;cxx;def;odl;idl;hpj;bat;asm;asmx</Extensions>
    </Filter>
    <Filter Include="Header Files">
      <UniqueIdentifier>{93995380-89BD-4b04-88EB-625FBE52EBFB}</UniqueIdentifier>
      <Extensions>h;hh;hpp;hxx;hm;inl;inc;ipp;xsd</Extensions>
    </Filter>
    <Filter Include="Resource Files">
      <UniqueIdentifier>{67DA6AB6-F800-4c08-8B7A-83BB121AAD01}</UniqueIdentifier>
      <Extensions>rc;ico;cur;bmp;dlg;rc2;rct;bin;rgs;gif;jpg;jpeg;jpe;resx;tiff;tif;png;wav;mfcribbon-ms</Extensions>
    </Filter>
    <Filter Include="irig106lib">
      <UniqueIdentifier>{1c50bdc6-5921-4690-a16f-02f0c63ad044}</UniqueIdentifier>
    </Filter>
    <Filter Include="SQLite3">
      <UniqueIdentifier>{a9983b43-8c56-4208-9ef0-4936c374f2de}</UniqueIdentifier>
    </Filter>
  </ItemGroup>
  <ItemGroup>
    <ClInclude Include="SimTimer.h">
      <Filter>Header Files</Filter>
    </ClInclude>
    <ClInclude Include="Ch10Writer_1553.h">
      <Filter>Header Files</Filter>
    </ClInclude>
    <ClInclude Include="Ch10Writer_Time.h">
      <Filter>Header Files</Filter>
    </ClInclude>
    <ClInclude Include="SimState.h">
      <Filter>Header Files</Filter>
    </ClInclude>
    <ClInclude Include="Ch10Format_1553.h">
      <Filter>Header Files</Filter>
    </ClInclude>
    <ClInclude Include="Ch10Format_1553_Nav.h">
      <Filter>Header Files</Filter>
    </ClInclude>
    <ClInclude Include="..\..\irig106\SW.public.git\irig106lib\src\i106_decode_1553f1.h">
      <Filter>irig106lib</Filter>
    </ClInclude>
    <ClInclude Include="..\..\irig106\SW.public.git\irig106lib\src\i106_decode_time.h">
      <Filter>irig106lib</Filter>
    </ClInclude>
    <ClInclude Include="..\..\irig106\SW.public.git\irig106lib\src\i106_decode_tmats.h">
      <Filter>irig106lib</Filter>
    </ClInclude>
    <ClInclude Include="..\..\irig106\SW.public.git\irig106lib\src\i106_decode_tmats_common.h">
      <Filter>irig106lib</Filter>
    </ClInclude>
    <ClInclude Include="..\..\irig106\SW.public.git\irig106lib\src\i106_decode_tmats_g.h">
      <Filter>irig106lib</Filter>
    </ClInclude>
    <ClInclude Include="..\..\irig106\SW.public.git\irig106lib\src\i106_decode_tmats_p.h">
      <Filter>irig106lib</Filter>
    </ClInclude>
    <ClInclude Include="..\..\irig106\SW.public.git\irig106lib\src\i106_decode_tmats_r.h">
      <Filter>irig106lib</Filter>
    </ClInclude>
    <ClInclude Include="..\..\irig106\SW.public.git\irig106lib\src\i106_time.h">
      <Filter>irig106lib</Filter>
    </ClInclude>
    <ClInclude Include="..\..\irig106\SW.public.git\irig106lib\src\irig106ch10.h">
      <Filter>irig106lib</Filter>
    </ClInclude>
    <ClInclude Include="Source_BMNavTxt.h">
      <Filter>Header Files</Filter>
    </ClInclude>
    <ClInclude Include="Source_BMNavDB.h">
      <Filter>Header Files</Filter>
    </ClInclude>
    <ClInclude Include="Source_VideoDB.h">
      <Filter>Header Files</Filter>
    </ClInclude>
    <ClInclude Include="..\..\irig106\SW.public.git\irig106lib\src\i106_decode_video.h">
      <Filter>irig106lib</Filter>
    </ClInclude>
    <ClInclude Include="Ch10Writer_Video.h">
      <Filter>Header Files</Filter>
    </ClInclude>
    <ClInclude Include="..\..\irig106\SW.public.git\irig106lib\src\config.h">
      <Filter>irig106lib</Filter>
    </ClInclude>
    <ClInclude Include="..\..\irig106\SW.public.git\irig106lib\src\i106_index.h">
      <Filter>irig106lib</Filter>
    </ClInclude>
    <ClInclude Include="..\..\irig106\SW.public.git\irig106lib\src\i106_decode_tmats_b.h">
      <Filter>irig106lib</Filter>
    </ClInclude>
    <ClInclude Include="..\..\irig106\SW.public.git\irig106lib\src\i106_decode_index.h">
      <Filter>irig106lib</Filter>
    </ClInclude>
    <ClInclude Include="Ch10Writer_Index.h">
      <Filter>Header Files</Filter>
    </ClInclude>
    <ClInclude Include="..\3rdParty\SQLite\sqlite3.h">
      <Filter>SQLite3</Filter>
    </ClInclude>
    <ClInclude Include="..\..\irig106\SW.public.git\irig106lib\src\i106_decode_tmats_c.h">
      <Filter>irig106lib</Filter>
    </ClInclude>
    <ClInclude Include="..\..\irig106\SW.public.git\irig106lib\src\i106_decode_tmats_d.h">
      <Filter>irig106lib</Filter>
    </ClInclude>
    <ClInclude Include="..\..\irig106\SW.public.git\irig106lib\src\i106_decode_tmats_m.h">
      <Filter>irig106lib</Filter>
    </ClInclude>
  </ItemGroup>
  <ItemGroup>
    <ClCompile Include="Ch10Writer_1553.cpp">
      <Filter>Source Files</Filter>
    </ClCompile>
    <ClCompile Include="Ch10Writer_Time.cpp">
      <Filter>Source Files</Filter>
    </ClCompile>
    <ClCompile Include="Ch10Format_1553.cpp">
      <Filter>Source Files</Filter>
    </ClCompile>
    <ClCompile Include="Ch10Format_1553_Nav.cpp">
      <Filter>Source Files</Filter>
    </ClCompile>
    <ClCompile Include="SynthCh10Gen.cpp">
      <Filter>Source Files</Filter>
    </ClCompile>
    <ClCompile Include="..\..\irig106\SW.public.git\irig106lib\src\i106_decode_1553f1.c">
      <Filter>irig106lib</Filter>
    </ClCompile>
    <ClCompile Include="..\..\irig106\SW.public.git\irig106lib\src\i106_decode_time.c">
      <Filter>irig106lib</Filter>
    </ClCompile>
    <ClCompile Include="..\..\irig106\SW.public.git\irig106lib\src\i106_decode_tmats.c">
      <Filter>irig106lib</Filter>
    </ClCompile>
    <ClCompile Include="..\..\irig106\SW.public.git\irig106lib\src\i106_decode_tmats_g.c">
      <Filter>irig106lib</Filter>
    </ClCompile>
    <ClCompile Include="..\..\irig106\SW.public.git\irig106lib\src\i106_decode_tmats_p.c">
      <Filter>irig106lib</Filter>
    </ClCompile>
    <ClCompile Include="..\..\irig106\SW.public.git\irig106lib\src\i106_decode_tmats_r.c">
      <Filter>irig106lib</Filter>
    </ClCompile>
    <ClCompile Include="..\..\irig106\SW.public.git\irig106lib\src\i106_time.c">
      <Filter>irig106lib</Filter>
    </ClCompile>
    <ClCompile Include="..\..\irig106\SW.public.git\irig106lib\src\irig106ch10.c">
      <Filter>irig106lib</Filter>
    </ClCompile>
    <ClCompile Include="Source_BMNavTxt.cpp">
      <Filter>Source Files</Filter>
    </ClCompile>
    <ClCompile Include="Source_BMNavDB.cpp">
      <Filter>Source Files</Filter>
    </ClCompile>
    <ClCompile Include="Source_VideoDB.cpp">
      <Filter>Source Files</Filter>
    </ClCompile>
    <ClCompile Include="..\..\irig106\SW.public.git\irig106lib\src\i106_decode_video.c">
      <Filter>irig106lib</Filter>
    </ClCompile>
    <ClCompile Include="Ch10Writer_Video.cpp">
      <Filter>Source Files</Filter>
    </ClCompile>
    <ClCompile Include="..\..\irig106\SW.public.git\irig106lib\src\i106_index.c">
      <Filter>irig106lib</Filter>
    </ClCompile>
    <ClCompile Include="..\..\irig106\SW.public.git\irig106lib\src\i106_decode_tmats_b.c">
      <Filter>irig106lib</Filter>
    </ClCompile>
    <ClCompile Include="..\..\irig106\SW.public.git\irig106lib\src\i106_decode_index.c">
      <Filter>irig106lib</Filter>
    </ClCompile>
    <ClCompile Include="Ch10Writer_Index.cpp">
      <Filter>Source Files</Filter>
    </ClCompile>
    <ClCompile Include="..\3rdParty\SQLite\sqlite3.c">
      <Filter>SQLite3</Filter>
    </ClCompile>
    <ClCompile Include="..\..\irig106\SW.public.git\irig106lib\src\i106_decode_tmats_c.c">
      <Filter>irig106lib</Filter>
    </ClCompile>
    <ClCompile Include="..\..\irig106\SW.public.git\irig106lib\src\i106_decode_tmats_d.c">
      <Filter>irig106lib</Filter>
    </ClCompile>
    <ClCompile Include="..\..\irig106\SW.public.git\irig106lib\src\i106_decode_tmats_m.c">
      <Filter>irig106lib</Filter>
    </ClCompile>
  </ItemGroup>
</Project>